{
  "name": "csv-to-json",
  "version": "1.0.0",
  "lockfileVersion": 1,
  "requires": true,
  "dependencies": {
    "FileReader": {
      "version": "0.10.2",
      "resolved": "https://registry.npmjs.org/FileReader/-/FileReader-0.10.2.tgz",
      "integrity": "sha1-GxF722te2F4kGsPLEPG3CGUk5Tk="
    },
    "csv": {
      "version": "0.3.7",
      "resolved": "https://registry.npmjs.org/csv/-/csv-0.3.7.tgz",
      "integrity": "sha1-pPijY/AHLNFVGB5rtJvVjlSXsxw="
    },
    "filereader": {
      "version": "0.10.3",
      "resolved": "https://registry.npmjs.org/filereader/-/filereader-0.10.3.tgz",
      "integrity": "sha1-x0fUos2PYeVBinwH/hJXpD8KzbE="
    },
    "google-libphonenumber": {
      "version": "3.2.7",
      "resolved": "https://registry.npmjs.org/google-libphonenumber/-/google-libphonenumber-3.2.7.tgz",
      "integrity": "sha512-8Es+gIaGoBddq/tqegG52iuzHOV+VU+de2mvkIOVlDkg/bnJlNdVZcof6iMPChy9Dte+si7BJeDaaueBtFoV6Q=="
    }
  }
}
